
Microsoft Visual Studio Solution File, Format Version 12.00
# Visual Studio Version 17
VisualStudioVersion = 17.7.34024.191
MinimumVisualStudioVersion = 10.0.40219.1
Project("{8BC9CEB8-8B4A-11D0-8D11-00A0C91BC942}") = "认别整数位数", "认别整数位数.vcxproj", "{DDF75D50-6CA2-4FE6-9DE1-EEAF94D62958}"
EndProject
Global
	GlobalSection(SolutionConfigurationPlatforms) = preSolution
		Debug|x64 = Debug|x64
		Debug|x86 = Debug|x86
		Release|x64 = Release|x64
		Release|x86 = Release|x86
	EndGlobalSection
	GlobalSection(ProjectConfigurationPlatforms) = postSolution
		{DDF75D50-6CA2-4FE6-9DE1-EEAF94D62958}.Debug|x64.ActiveCfg = Debug|x64
		{DDF75D50-6CA2-4FE6-9DE1-EEAF94D62958}.Debug|x64.Build.0 = Debug|x64
		{DDF75D50-6CA2-4FE6-9DE1-EEAF94D62958}.Debug|x86.ActiveCfg = Debug|Win32
		{DDF75D50-6CA2-4FE6-9DE1-EEAF94D62958}.Debug|x86.Build.0 = Debug|Win32
		{DDF75D50-6CA2-4FE6-9DE1-EEAF94D62958}.Release|x64.ActiveCfg = Release|x64
		{DDF75D50-6CA2-4FE6-9DE1-EEAF94D62958}.Release|x64.Build.0 = Release|x64
		{DDF75D50-6CA2-4FE6-9DE1-EEAF94D62958}.Release|x86.ActiveCfg = Release|Win32
		{DDF75D50-6CA2-4FE6-9DE1-EEAF94D62958}.Release|x86.Build.0 = Release|Win32
	EndGlobalSection
	GlobalSection(SolutionProperties) = preSolution
		HideSolutionNode = FALSE
	EndGlobalSection
	GlobalSection(ExtensibilityGlobals) = postSolution
		SolutionGuid = {C44629A0-56BA-4144-A3D1-5097E48843B9}
	EndGlobalSection
EndGlobal
